PODS:
  - MBProgressHUD (0.9.2)
  - "UITableView+FDTemplateLayoutCell (1.6)"

DEPENDENCIES:
  - MBProgressHUD (~> 0.9.2)
  - "UITableView+FDTemplateLayoutCell"

SPEC REPOS:
  trunk:
    - MBProgressHUD
    - "UITableView+FDTemplateLayoutCell"

SPEC CHECKSUMS:
  MBProgressHUD: 1569cf7ace17a8bac47aabfbb8580a49690386d1
  "UITableView+FDTemplateLayoutCell": 5c949b4a5059c404b442926c0e80f81d10a2d66f

PODFILE CHECKSUM: 9ab025c7fb97231a3f91a31038430a63e830dc99

COCOAPODS: 1.16.2
