// !$*UTF8*$!
{
	archiveVersion = 1;
	classes = {
	};
	objectVersion = 46;
	objects = {

/* Begin PBXBuildFile section */
		BFB050AB7A4420884AD08BF8 /* libPods-All-Font.a in Frameworks */ = {isa = PBXBuildFile; fileRef = 039354FF48CF3EC91E828279 /* libPods-All-Font.a */; };
		CDDA904F1C292A0C00130A6E /* UIImage+Color.m in Sources */ = {isa = PBXBuildFile; fileRef = CDDA904E1C292A0C00130A6E /* UIImage+Color.m */; };
		CDDA90521C292D8600130A6E /* NSString+Extension.m in Sources */ = {isa = PBXBuildFile; fileRef = CDDA90511C292D8600130A6E /* NSString+Extension.m */; };
		CDE6F5641C159416001859B4 /* main.m in Sources */ = {isa = PBXBuildFile; fileRef = CDE6F5631C159416001859B4 /* main.m */; };
		CDE6F5671C159416001859B4 /* AppDelegate.m in Sources */ = {isa = PBXBuildFile; fileRef = CDE6F5661C159416001859B4 /* AppDelegate.m */; };
		CDE6F56A1C159416001859B4 /* ViewController.m in Sources */ = {isa = PBXBuildFile; fileRef = CDE6F5691C159416001859B4 /* ViewController.m */; };
		CDE6F56F1C159416001859B4 /* Assets.xcassets in Resources */ = {isa = PBXBuildFile; fileRef = CDE6F56E1C159416001859B4 /* Assets.xcassets */; };
		CDE6F5721C159416001859B4 /* LaunchScreen.storyboard in Resources */ = {isa = PBXBuildFile; fileRef = CDE6F5701C159416001859B4 /* LaunchScreen.storyboard */; };
		CDE6F57C1C15958C001859B4 /* NextViewController.m in Sources */ = {isa = PBXBuildFile; fileRef = CDE6F57B1C15958C001859B4 /* NextViewController.m */; };
		CDE6F5821C159918001859B4 /* TableViewCell.m in Sources */ = {isa = PBXBuildFile; fileRef = CDE6F5801C159918001859B4 /* TableViewCell.m */; };
		CDE6F5861C159969001859B4 /* UIViewController+HUD.m in Sources */ = {isa = PBXBuildFile; fileRef = CDE6F5851C159969001859B4 /* UIViewController+HUD.m */; };
		CDFDD92E1C23A0A200B00378 /* UIView+MJExtension.m in Sources */ = {isa = PBXBuildFile; fileRef = CDFDD92D1C23A0A200B00378 /* UIView+MJExtension.m */; };
/* End PBXBuildFile section */

/* Begin PBXFileReference section */
		039354FF48CF3EC91E828279 /* libPods-All-Font.a */ = {isa = PBXFileReference; explicitFileType = archive.ar; includeInIndex = 0; path = "libPods-All-Font.a"; sourceTree = BUILT_PRODUCTS_DIR; };
		6B029121F36CC6778AAA8913 /* Pods-All-Font.release.xcconfig */ = {isa = PBXFileReference; includeInIndex = 1; lastKnownFileType = text.xcconfig; name = "Pods-All-Font.release.xcconfig"; path = "Pods/Target Support Files/Pods-All-Font/Pods-All-Font.release.xcconfig"; sourceTree = "<group>"; };
		BFBD599A901A119929EF7994 /* Pods-All-Font.debug.xcconfig */ = {isa = PBXFileReference; includeInIndex = 1; lastKnownFileType = text.xcconfig; name = "Pods-All-Font.debug.xcconfig"; path = "Pods/Target Support Files/Pods-All-Font/Pods-All-Font.debug.xcconfig"; sourceTree = "<group>"; };
		CDDA904D1C292A0C00130A6E /* UIImage+Color.h */ = {isa = PBXFileReference; fileEncoding = 4; lastKnownFileType = sourcecode.c.h; path = "UIImage+Color.h"; sourceTree = "<group>"; };
		CDDA904E1C292A0C00130A6E /* UIImage+Color.m */ = {isa = PBXFileReference; fileEncoding = 4; lastKnownFileType = sourcecode.c.objc; path = "UIImage+Color.m"; sourceTree = "<group>"; };
		CDDA90501C292D8600130A6E /* NSString+Extension.h */ = {isa = PBXFileReference; fileEncoding = 4; lastKnownFileType = sourcecode.c.h; path = "NSString+Extension.h"; sourceTree = "<group>"; };
		CDDA90511C292D8600130A6E /* NSString+Extension.m */ = {isa = PBXFileReference; fileEncoding = 4; lastKnownFileType = sourcecode.c.objc; path = "NSString+Extension.m"; sourceTree = "<group>"; };
		CDE6F55F1C159416001859B4 /* All-Font.app */ = {isa = PBXFileReference; explicitFileType = wrapper.application; includeInIndex = 0; path = "All-Font.app"; sourceTree = BUILT_PRODUCTS_DIR; };
		CDE6F5631C159416001859B4 /* main.m */ = {isa = PBXFileReference; lastKnownFileType = sourcecode.c.objc; path = main.m; sourceTree = "<group>"; };
		CDE6F5651C159416001859B4 /* AppDelegate.h */ = {isa = PBXFileReference; lastKnownFileType = sourcecode.c.h; path = AppDelegate.h; sourceTree = "<group>"; };
		CDE6F5661C159416001859B4 /* AppDelegate.m */ = {isa = PBXFileReference; lastKnownFileType = sourcecode.c.objc; path = AppDelegate.m; sourceTree = "<group>"; };
		CDE6F5681C159416001859B4 /* ViewController.h */ = {isa = PBXFileReference; lastKnownFileType = sourcecode.c.h; path = ViewController.h; sourceTree = "<group>"; };
		CDE6F5691C159416001859B4 /* ViewController.m */ = {isa = PBXFileReference; lastKnownFileType = sourcecode.c.objc; path = ViewController.m; sourceTree = "<group>"; };
		CDE6F56E1C159416001859B4 /* Assets.xcassets */ = {isa = PBXFileReference; lastKnownFileType = folder.assetcatalog; path = Assets.xcassets; sourceTree = "<group>"; };
		CDE6F5711C159416001859B4 /* Base */ = {isa = PBXFileReference; lastKnownFileType = file.storyboard; name = Base; path = Base.lproj/LaunchScreen.storyboard; sourceTree = "<group>"; };
		CDE6F5731C159416001859B4 /* Info.plist */ = {isa = PBXFileReference; lastKnownFileType = text.plist.xml; path = Info.plist; sourceTree = "<group>"; };
		CDE6F57A1C15958C001859B4 /* NextViewController.h */ = {isa = PBXFileReference; fileEncoding = 4; lastKnownFileType = sourcecode.c.h; path = NextViewController.h; sourceTree = "<group>"; };
		CDE6F57B1C15958C001859B4 /* NextViewController.m */ = {isa = PBXFileReference; fileEncoding = 4; lastKnownFileType = sourcecode.c.objc; path = NextViewController.m; sourceTree = "<group>"; };
		CDE6F57D1C159814001859B4 /* PrefixHeader.pch */ = {isa = PBXFileReference; lastKnownFileType = sourcecode.c.h; path = PrefixHeader.pch; sourceTree = "<group>"; };
		CDE6F57F1C159918001859B4 /* TableViewCell.h */ = {isa = PBXFileReference; fileEncoding = 4; lastKnownFileType = sourcecode.c.h; path = TableViewCell.h; sourceTree = "<group>"; };
		CDE6F5801C159918001859B4 /* TableViewCell.m */ = {isa = PBXFileReference; fileEncoding = 4; lastKnownFileType = sourcecode.c.objc; path = TableViewCell.m; sourceTree = "<group>"; };
		CDE6F5841C159969001859B4 /* UIViewController+HUD.h */ = {isa = PBXFileReference; fileEncoding = 4; lastKnownFileType = sourcecode.c.h; path = "UIViewController+HUD.h"; sourceTree = "<group>"; };
		CDE6F5851C159969001859B4 /* UIViewController+HUD.m */ = {isa = PBXFileReference; fileEncoding = 4; lastKnownFileType = sourcecode.c.objc; path = "UIViewController+HUD.m"; sourceTree = "<group>"; };
		CDFDD92C1C23A0A200B00378 /* UIView+MJExtension.h */ = {isa = PBXFileReference; fileEncoding = 4; lastKnownFileType = sourcecode.c.h; path = "UIView+MJExtension.h"; sourceTree = "<group>"; };
		CDFDD92D1C23A0A200B00378 /* UIView+MJExtension.m */ = {isa = PBXFileReference; fileEncoding = 4; lastKnownFileType = sourcecode.c.objc; path = "UIView+MJExtension.m"; sourceTree = "<group>"; };
/* End PBXFileReference section */

/* Begin PBXFrameworksBuildPhase section */
		CDE6F55C1C159416001859B4 /* Frameworks */ = {
			isa = PBXFrameworksBuildPhase;
			buildActionMask = 2147483647;
			files = (
				BFB050AB7A4420884AD08BF8 /* libPods-All-Font.a in Frameworks */,
			);
			runOnlyForDeploymentPostprocessing = 0;
		};
/* End PBXFrameworksBuildPhase section */

/* Begin PBXGroup section */
		15CB3E9F69BB5D7A779A5CFC /* Pods */ = {
			isa = PBXGroup;
			children = (
				BFBD599A901A119929EF7994 /* Pods-All-Font.debug.xcconfig */,
				6B029121F36CC6778AAA8913 /* Pods-All-Font.release.xcconfig */,
			);
			name = Pods;
			sourceTree = "<group>";
		};
		3EC0CE928A71C02C5BFC60DF /* Frameworks */ = {
			isa = PBXGroup;
			children = (
				039354FF48CF3EC91E828279 /* libPods-All-Font.a */,
			);
			name = Frameworks;
			sourceTree = "<group>";
		};
		CDE6F5561C159416001859B4 = {
			isa = PBXGroup;
			children = (
				CDE6F5611C159416001859B4 /* All-Font */,
				CDE6F5601C159416001859B4 /* Products */,
				15CB3E9F69BB5D7A779A5CFC /* Pods */,
				3EC0CE928A71C02C5BFC60DF /* Frameworks */,
			);
			sourceTree = "<group>";
		};
		CDE6F5601C159416001859B4 /* Products */ = {
			isa = PBXGroup;
			children = (
				CDE6F55F1C159416001859B4 /* All-Font.app */,
			);
			name = Products;
			sourceTree = "<group>";
		};
		CDE6F5611C159416001859B4 /* All-Font */ = {
			isa = PBXGroup;
			children = (
				CDDA90501C292D8600130A6E /* NSString+Extension.h */,
				CDDA90511C292D8600130A6E /* NSString+Extension.m */,
				CDFDD92C1C23A0A200B00378 /* UIView+MJExtension.h */,
				CDFDD92D1C23A0A200B00378 /* UIView+MJExtension.m */,
				CDE6F5841C159969001859B4 /* UIViewController+HUD.h */,
				CDE6F5851C159969001859B4 /* UIViewController+HUD.m */,
				CDDA904D1C292A0C00130A6E /* UIImage+Color.h */,
				CDDA904E1C292A0C00130A6E /* UIImage+Color.m */,
				CDE6F57E1C1598FE001859B4 /* View */,
				CDE6F5791C159566001859B4 /* ViewController */,
				CDE6F5651C159416001859B4 /* AppDelegate.h */,
				CDE6F5661C159416001859B4 /* AppDelegate.m */,
				CDE6F56E1C159416001859B4 /* Assets.xcassets */,
				CDE6F5701C159416001859B4 /* LaunchScreen.storyboard */,
				CDE6F5731C159416001859B4 /* Info.plist */,
				CDE6F57D1C159814001859B4 /* PrefixHeader.pch */,
				CDE6F5621C159416001859B4 /* Supporting Files */,
			);
			path = "All-Font";
			sourceTree = "<group>";
		};
		CDE6F5621C159416001859B4 /* Supporting Files */ = {
			isa = PBXGroup;
			children = (
				CDE6F5631C159416001859B4 /* main.m */,
			);
			name = "Supporting Files";
			sourceTree = "<group>";
		};
		CDE6F5791C159566001859B4 /* ViewController */ = {
			isa = PBXGroup;
			children = (
				CDE6F5681C159416001859B4 /* ViewController.h */,
				CDE6F5691C159416001859B4 /* ViewController.m */,
				CDE6F57A1C15958C001859B4 /* NextViewController.h */,
				CDE6F57B1C15958C001859B4 /* NextViewController.m */,
			);
			name = ViewController;
			sourceTree = "<group>";
		};
		CDE6F57E1C1598FE001859B4 /* View */ = {
			isa = PBXGroup;
			children = (
				CDE6F57F1C159918001859B4 /* TableViewCell.h */,
				CDE6F5801C159918001859B4 /* TableViewCell.m */,
			);
			name = View;
			sourceTree = "<group>";
		};
/* End PBXGroup section */

/* Begin PBXNativeTarget section */
		CDE6F55E1C159416001859B4 /* All-Font */ = {
			isa = PBXNativeTarget;
			buildConfigurationList = CDE6F5761C159416001859B4 /* Build configuration list for PBXNativeTarget "All-Font" */;
			buildPhases = (
				F95C8C86D1CCC31EC75C2B9A /* [CP] Check Pods Manifest.lock */,
				CDE6F55B1C159416001859B4 /* Sources */,
				CDE6F55C1C159416001859B4 /* Frameworks */,
				CDE6F55D1C159416001859B4 /* Resources */,
			);
			buildRules = (
			);
			dependencies = (
			);
			name = "All-Font";
			productName = "All-Font";
			productReference = CDE6F55F1C159416001859B4 /* All-Font.app */;
			productType = "com.apple.product-type.application";
		};
/* End PBXNativeTarget section */

/* Begin PBXProject section */
		CDE6F5571C159416001859B4 /* Project object */ = {
			isa = PBXProject;
			attributes = {
				LastUpgradeCheck = 0930;
				ORGANIZATIONNAME = YueLiXing;
				TargetAttributes = {
					CDE6F55E1C159416001859B4 = {
						CreatedOnToolsVersion = 7.1.1;
						DevelopmentTeam = K8SLU287T8;
					};
				};
			};
			buildConfigurationList = CDE6F55A1C159416001859B4 /* Build configuration list for PBXProject "All-Font" */;
			compatibilityVersion = "Xcode 3.2";
			developmentRegion = English;
			hasScannedForEncodings = 0;
			knownRegions = (
				en,
				Base,
			);
			mainGroup = CDE6F5561C159416001859B4;
			productRefGroup = CDE6F5601C159416001859B4 /* Products */;
			projectDirPath = "";
			projectRoot = "";
			targets = (
				CDE6F55E1C159416001859B4 /* All-Font */,
			);
		};
/* End PBXProject section */

/* Begin PBXResourcesBuildPhase section */
		CDE6F55D1C159416001859B4 /* Resources */ = {
			isa = PBXResourcesBuildPhase;
			buildActionMask = 2147483647;
			files = (
				CDE6F5721C159416001859B4 /* LaunchScreen.storyboard in Resources */,
				CDE6F56F1C159416001859B4 /* Assets.xcassets in Resources */,
			);
			runOnlyForDeploymentPostprocessing = 0;
		};
/* End PBXResourcesBuildPhase section */

/* Begin PBXShellScriptBuildPhase section */
		F95C8C86D1CCC31EC75C2B9A /* [CP] Check Pods Manifest.lock */ = {
			isa = PBXShellScriptBuildPhase;
			buildActionMask = 2147483647;
			files = (
			);
			inputPaths = (
				"${PODS_PODFILE_DIR_PATH}/Podfile.lock",
				"${PODS_ROOT}/Manifest.lock",
			);
			name = "[CP] Check Pods Manifest.lock";
			outputPaths = (
				"$(DERIVED_FILE_DIR)/Pods-All-Font-checkManifestLockResult.txt",
			);
			runOnlyForDeploymentPostprocessing = 0;
			shellPath = /bin/sh;
			shellScript = "diff \"${PODS_PODFILE_DIR_PATH}/Podfile.lock\" \"${PODS_ROOT}/Manifest.lock\" > /dev/null\nif [ $? != 0 ] ; then\n    # print error to STDERR\n    echo \"error: The sandbox is not in sync with the Podfile.lock. Run 'pod install' or update your CocoaPods installation.\" >&2\n    exit 1\nfi\n# This output is used by Xcode 'outputs' to avoid re-running this script phase.\necho \"SUCCESS\" > \"${SCRIPT_OUTPUT_FILE_0}\"\n";
			showEnvVarsInLog = 0;
		};
/* End PBXShellScriptBuildPhase section */

/* Begin PBXSourcesBuildPhase section */
		CDE6F55B1C159416001859B4 /* Sources */ = {
			isa = PBXSourcesBuildPhase;
			buildActionMask = 2147483647;
			files = (
				CDE6F5861C159969001859B4 /* UIViewController+HUD.m in Sources */,
				CDE6F56A1C159416001859B4 /* ViewController.m in Sources */,
				CDE6F57C1C15958C001859B4 /* NextViewController.m in Sources */,
				CDFDD92E1C23A0A200B00378 /* UIView+MJExtension.m in Sources */,
				CDE6F5671C159416001859B4 /* AppDelegate.m in Sources */,
				CDDA904F1C292A0C00130A6E /* UIImage+Color.m in Sources */,
				CDE6F5821C159918001859B4 /* TableViewCell.m in Sources */,
				CDDA90521C292D8600130A6E /* NSString+Extension.m in Sources */,
				CDE6F5641C159416001859B4 /* main.m in Sources */,
			);
			runOnlyForDeploymentPostprocessing = 0;
		};
/* End PBXSourcesBuildPhase section */

/* Begin PBXVariantGroup section */
		CDE6F5701C159416001859B4 /* LaunchScreen.storyboard */ = {
			isa = PBXVariantGroup;
			children = (
				CDE6F5711C159416001859B4 /* Base */,
			);
			name = LaunchScreen.storyboard;
			sourceTree = "<group>";
		};
/* End PBXVariantGroup section */

/* Begin XCBuildConfiguration section */
		CDE6F5741C159416001859B4 /* Debug */ = {
			isa = XCBuildConfiguration;
			buildSettings = {
				ALWAYS_SEARCH_USER_PATHS = NO;
				CLANG_CXX_LANGUAGE_STANDARD = "gnu++0x";
				CLANG_CXX_LIBRARY = "libc++";
				CLANG_ENABLE_MODULES = YES;
				CLANG_ENABLE_OBJC_ARC = YES;
				CLANG_WARN_BLOCK_CAPTURE_AUTORELEASING = YES;
				CLANG_WARN_BOOL_CONVERSION = YES;
				CLANG_WARN_COMMA = YES;
				CLANG_WARN_CONSTANT_CONVERSION = YES;
				CLANG_WARN_DEPRECATED_OBJC_IMPLEMENTATIONS = YES;
				CLANG_WARN_DIRECT_OBJC_ISA_USAGE = YES_ERROR;
				CLANG_WARN_EMPTY_BODY = YES;
				CLANG_WARN_ENUM_CONVERSION = YES;
				CLANG_WARN_INFINITE_RECURSION = YES;
				CLANG_WARN_INT_CONVERSION = YES;
				CLANG_WARN_NON_LITERAL_NULL_CONVERSION = YES;
				CLANG_WARN_OBJC_IMPLICIT_RETAIN_SELF = YES;
				CLANG_WARN_OBJC_LITERAL_CONVERSION = YES;
				CLANG_WARN_OBJC_ROOT_CLASS = YES_ERROR;
				CLANG_WARN_RANGE_LOOP_ANALYSIS = YES;
				CLANG_WARN_STRICT_PROTOTYPES = YES;
				CLANG_WARN_SUSPICIOUS_MOVE = YES;
				CLANG_WARN_UNREACHABLE_CODE = YES;
				CLANG_WARN__DUPLICATE_METHOD_MATCH = YES;
				"CODE_SIGN_IDENTITY[sdk=iphoneos*]" = "iPhone Developer";
				COPY_PHASE_STRIP = NO;
				DEBUG_INFORMATION_FORMAT = dwarf;
				ENABLE_STRICT_OBJC_MSGSEND = YES;
				ENABLE_TESTABILITY = YES;
				GCC_C_LANGUAGE_STANDARD = gnu99;
				GCC_DYNAMIC_NO_PIC = NO;
				GCC_NO_COMMON_BLOCKS = YES;
				GCC_OPTIMIZATION_LEVEL = 0;
				GCC_PREPROCESSOR_DEFINITIONS = (
					"DEBUG=1",
					"$(inherited)",
				);
				GCC_WARN_64_TO_32_BIT_CONVERSION = YES;
				GCC_WARN_ABOUT_RETURN_TYPE = YES_ERROR;
				GCC_WARN_UNDECLARED_SELECTOR = YES;
				GCC_WARN_UNINITIALIZED_AUTOS = YES_AGGRESSIVE;
				GCC_WARN_UNUSED_FUNCTION = YES;
				GCC_WARN_UNUSED_VARIABLE = YES;
				IPHONEOS_DEPLOYMENT_TARGET = 9.1;
				MTL_ENABLE_DEBUG_INFO = YES;
				ONLY_ACTIVE_ARCH = YES;
				SDKROOT = iphoneos;
			};
			name = Debug;
		};
		CDE6F5751C159416001859B4 /* Release */ = {
			isa = XCBuildConfiguration;
			buildSettings = {
				ALWAYS_SEARCH_USER_PATHS = NO;
				CLANG_CXX_LANGUAGE_STANDARD = "gnu++0x";
				CLANG_CXX_LIBRARY = "libc++";
				CLANG_ENABLE_MODULES = YES;
				CLANG_ENABLE_OBJC_ARC = YES;
				CLANG_WARN_BLOCK_CAPTURE_AUTORELEASING = YES;
				CLANG_WARN_BOOL_CONVERSION = YES;
				CLANG_WARN_COMMA = YES;
				CLANG_WARN_CONSTANT_CONVERSION = YES;
				CLANG_WARN_DEPRECATED_OBJC_IMPLEMENTATIONS = YES;
				CLANG_WARN_DIRECT_OBJC_ISA_USAGE = YES_ERROR;
				CLANG_WARN_EMPTY_BODY = YES;
				CLANG_WARN_ENUM_CONVERSION = YES;
				CLANG_WARN_INFINITE_RECURSION = YES;
				CLANG_WARN_INT_CONVERSION = YES;
				CLANG_WARN_NON_LITERAL_NULL_CONVERSION = YES;
				CLANG_WARN_OBJC_IMPLICIT_RETAIN_SELF = YES;
				CLANG_WARN_OBJC_LITERAL_CONVERSION = YES;
				CLANG_WARN_OBJC_ROOT_CLASS = YES_ERROR;
				CLANG_WARN_RANGE_LOOP_ANALYSIS = YES;
				CLANG_WARN_STRICT_PROTOTYPES = YES;
				CLANG_WARN_SUSPICIOUS_MOVE = YES;
				CLANG_WARN_UNREACHABLE_CODE = YES;
				CLANG_WARN__DUPLICATE_METHOD_MATCH = YES;
				"CODE_SIGN_IDENTITY[sdk=iphoneos*]" = "iPhone Developer";
				COPY_PHASE_STRIP = NO;
				DEBUG_INFORMATION_FORMAT = "dwarf-with-dsym";
				ENABLE_NS_ASSERTIONS = NO;
				ENABLE_STRICT_OBJC_MSGSEND = YES;
				GCC_C_LANGUAGE_STANDARD = gnu99;
				GCC_NO_COMMON_BLOCKS = YES;
				GCC_WARN_64_TO_32_BIT_CONVERSION = YES;
				GCC_WARN_ABOUT_RETURN_TYPE = YES_ERROR;
				GCC_WARN_UNDECLARED_SELECTOR = YES;
				GCC_WARN_UNINITIALIZED_AUTOS = YES_AGGRESSIVE;
				GCC_WARN_UNUSED_FUNCTION = YES;
				GCC_WARN_UNUSED_VARIABLE = YES;
				IPHONEOS_DEPLOYMENT_TARGET = 9.1;
				MTL_ENABLE_DEBUG_INFO = NO;
				SDKROOT = iphoneos;
				VALIDATE_PRODUCT = YES;
			};
			name = Release;
		};
		CDE6F5771C159416001859B4 /* Debug */ = {
			isa = XCBuildConfiguration;
			baseConfigurationReference = BFBD599A901A119929EF7994 /* Pods-All-Font.debug.xcconfig */;
			buildSettings = {
				ASSETCATALOG_COMPILER_APPICON_NAME = AppIcon;
				DEVELOPMENT_TEAM = K8SLU287T8;
				GCC_PREFIX_HEADER = "$(SRCROOT)/All-Font/PrefixHeader.pch";
				INFOPLIST_FILE = "All-Font/Info.plist";
				IPHONEOS_DEPLOYMENT_TARGET = 8.0;
				LD_RUNPATH_SEARCH_PATHS = "$(inherited) @executable_path/Frameworks";
				PRODUCT_BUNDLE_IDENTIFIER = "com.tutuim..All-Font";
				PRODUCT_NAME = "$(TARGET_NAME)";
			};
			name = Debug;
		};
		CDE6F5781C159416001859B4 /* Release */ = {
			isa = XCBuildConfiguration;
			baseConfigurationReference = 6B029121F36CC6778AAA8913 /* Pods-All-Font.release.xcconfig */;
			buildSettings = {
				ASSETCATALOG_COMPILER_APPICON_NAME = AppIcon;
				DEVELOPMENT_TEAM = K8SLU287T8;
				GCC_PREFIX_HEADER = "$(SRCROOT)/All-Font/PrefixHeader.pch";
				INFOPLIST_FILE = "All-Font/Info.plist";
				IPHONEOS_DEPLOYMENT_TARGET = 8.0;
				LD_RUNPATH_SEARCH_PATHS = "$(inherited) @executable_path/Frameworks";
				PRODUCT_BUNDLE_IDENTIFIER = "com.tutuim..All-Font";
				PRODUCT_NAME = "$(TARGET_NAME)";
			};
			name = Release;
		};
/* End XCBuildConfiguration section */

/* Begin XCConfigurationList section */
		CDE6F55A1C159416001859B4 /* Build configuration list for PBXProject "All-Font" */ = {
			isa = XCConfigurationList;
			buildConfigurations = (
				CDE6F5741C159416001859B4 /* Debug */,
				CDE6F5751C159416001859B4 /* Release */,
			);
			defaultConfigurationIsVisible = 0;
			defaultConfigurationName = Release;
		};
		CDE6F5761C159416001859B4 /* Build configuration list for PBXNativeTarget "All-Font" */ = {
			isa = XCConfigurationList;
			buildConfigurations = (
				CDE6F5771C159416001859B4 /* Debug */,
				CDE6F5781C159416001859B4 /* Release */,
			);
			defaultConfigurationIsVisible = 0;
			defaultConfigurationName = Release;
		};
/* End XCConfigurationList section */
	};
	rootObject = CDE6F5571C159416001859B4 /* Project object */;
}
